<?xml version="1.0" encoding="utf-8"?>
<Project ToolsVersion="4.0" xmlns="http://schemas.microsoft.com/developer/msbuild/2003">
  <ItemGroup>
    <Filter Include="Source Files">
      <UniqueIdentifier>{4FC737F1-C7A5-4376-A066-2A32D752A2FF}</UniqueIdentifier>
      <Extensions>cpp;c;cc;cxx;def;odl;idl;hpj;bat;asm;asmx</Extensions>
    </Filter>
    <Filter Include="Header Files">
      <UniqueIdentifier>{93995380-89BD-4b04-88EB-625FBE52EBFB}</UniqueIdentifier>
      <Extensions>h;hh;hpp;hxx;hm;inl;inc;xsd</Extensions>
    </Filter>
    <Filter Include="Resource Files">
      <UniqueIdentifier>{67DA6AB6-F800-4c08-8B7A-83BB121AAD01}</UniqueIdentifier>
      <Extensions>rc;ico;cur;bmp;dlg;rc2;rct;bin;rgs;gif;jpg;jpeg;jpe;resx;tiff;tif;png;wav;mfcribbon-ms</Extensions>
    </Filter>
  </ItemGroup>
  <ItemGroup>
    <ClInclude Include="rCamera.h">
      <Filter>Header Files</Filter>
    </ClInclude>
    <ClInclude Include="rFreenect2Camera.h">
      <Filter>Header Files</Filter>
    </ClInclude>
    <ClInclude Include="rFreenect2Frame.h">
      <Filter>Header Files</Filter>
    </ClInclude>
    <ClInclude Include="rFreenect2CameraFactory.h">
      <Filter>Header Files</Filter>
    </ClInclude>
    <ClInclude Include="rFrame.h">
      <Filter>Header Files</Filter>
    </ClInclude>
    <ClInclude Include="resource.h">
      <Filter>Header Files</Filter>
    </ClInclude>
    <ClInclude Include="rCalibration.h">
      <Filter>Header Files</Filter>
    </ClInclude>
    <ClInclude Include="rFreenect2FrameListener.h">
      <Filter>Header Files</Filter>
    </ClInclude>
    <ClInclude Include="rMatrix.h">
      <Filter>Header Files</Filter>
    </ClInclude>
    <ClInclude Include="rCameraMatrix.h">
      <Filter>Header Files</Filter>
    </ClInclude>
    <ClInclude Include="rTransformationMatrix.h">
      <Filter>Header Files</Filter>
    </ClInclude>
    <ClInclude Include="rMainEngine.h">
      <Filter>Header Files</Filter>
    </ClInclude>
    <ClInclude Include="rCameraFactory.h">
      <Filter>Header Files</Filter>
    </ClInclude>
    <ClInclude Include="rInfinitamFusionEngine.h">
      <Filter>Header Files</Filter>
    </ClInclude>
    <ClInclude Include="rFusionEngine.h">
      <Filter>Header Files</Filter>
    </ClInclude>
    <ClInclude Include="rRegistration.h">
      <Filter>Header Files</Filter>
    </ClInclude>
    <ClInclude Include="rFreenect2Registration.h">
      <Filter>Header Files</Filter>
    </ClInclude>
    <ClInclude Include="rAlignmentEngine.h">
      <Filter>Header Files</Filter>
    </ClInclude>
    <ClInclude Include="rOutlierRemoval.h">
      <Filter>Header Files</Filter>
    </ClInclude>
  </ItemGroup>
  <ItemGroup>
    <ClCompile Include="rCamera.cpp">
      <Filter>Source Files</Filter>
    </ClCompile>
    <ClCompile Include="rFreenect2Camera.cpp">
      <Filter>Source Files</Filter>
    </ClCompile>
    <ClCompile Include="rFreenect2Frame.cpp">
      <Filter>Source Files</Filter>
    </ClCompile>
    <ClCompile Include="rFreenect2CameraFactory.cpp">
      <Filter>Source Files</Filter>
    </ClCompile>
    <ClCompile Include="rFrame.cpp">
      <Filter>Source Files</Filter>
    </ClCompile>
    <ClCompile Include="rCalibration.cpp">
      <Filter>Source Files</Filter>
    </ClCompile>
    <ClCompile Include="rFreenect2FrameListener.cpp">
      <Filter>Source Files</Filter>
    </ClCompile>
    <ClCompile Include="rMatrix.cpp">
      <Filter>Source Files</Filter>
    </ClCompile>
    <ClCompile Include="rCameraMatrix.cpp">
      <Filter>Source Files</Filter>
    </ClCompile>
    <ClCompile Include="rTransformationMatrix.cpp">
      <Filter>Source Files</Filter>
    </ClCompile>
    <ClCompile Include="rMainEngine.cpp">
      <Filter>Source Files</Filter>
    </ClCompile>
    <ClCompile Include="rCameraFactory.cpp">
      <Filter>Source Files</Filter>
    </ClCompile>
    <ClCompile Include="rInfinitamFusionEngine.cpp">
      <Filter>Source Files</Filter>
    </ClCompile>
    <ClCompile Include="rFusionEngine.cpp">
      <Filter>Source Files</Filter>
    </ClCompile>
    <ClCompile Include="rRegistration.cpp">
      <Filter>Source Files</Filter>
    </ClCompile>
    <ClCompile Include="rFreenect2Registration.cpp">
      <Filter>Source Files</Filter>
    </ClCompile>
    <ClCompile Include="rAlignmentEngine.cpp">
      <Filter>Source Files</Filter>
    </ClCompile>
    <ClCompile Include="rOutlierRemoval.cpp">
      <Filter>Source Files</Filter>
    </ClCompile>
  </ItemGroup>
  <ItemGroup>
    <ResourceCompile Include="reconstruction.rc">
      <Filter>Resource Files</Filter>
    </ResourceCompile>
  </ItemGroup>
</Project>